
Microsoft Visual Studio Solution File, Format Version 12.00
# Visual Studio 14
VisualStudioVersion = 14.0.24720.0
MinimumVisualStudioVersion = 10.0.40219.1
Project("{FAE04EC0-301F-11D3-BF4B-00C04F79EFBC}") = "BBSApi", "BBSApi\BBSApi.csproj", "{8C570C78-501A-424C-A2AC-B41C10DEE8FF}"
EndProject
Project("{FAE04EC0-301F-11D3-BF4B-00C04F79EFBC}") = "BBSApi.MailServer", "BBSApi.MailServer\BBSApi.MailServer.csproj", "{5C1695A5-06C8-4FD0-8182-92F014F78130}"
EndProject
Project("{FAE04EC0-301F-11D3-BF4B-00C04F79EFBC}") = "BBSApi.MailServer.Tests", "BBSApi.MailServer.Tests\BBSApi.MailServer.Tests.csproj", "{14DAAABC-A91A-465B-A71B-9011C0C1F3E4}"
EndProject
Project("{FAE04EC0-301F-11D3-BF4B-00C04F79EFBC}") = "BBSApi.WebServer", "BBSApi.WebServer\BBSApi.WebServer.csproj", "{933DE01A-8453-4BEB-ADE7-F7F878C70DF9}"
EndProject
Project("{FAE04EC0-301F-11D3-BF4B-00C04F79EFBC}") = "BBSApi.Core", "BBSApi.Core\BBSApi.Core.csproj", "{157C97C3-9028-4492-A713-F48731651206}"
EndProject
Project("{FAE04EC0-301F-11D3-BF4B-00C04F79EFBC}") = "BBSApi.AccountsServer", "BBSApi.Admin\BBSApi.AccountsServer.csproj", "{0D28813F-9609-41EB-83B4-3B76E9C30D88}"
EndProject
Project("{FAE04EC0-301F-11D3-BF4B-00C04F79EFBC}") = "BBSApi.WebServer.Tests", "BBSApi.WebServer.Tests\BBSApi.WebServer.Tests.csproj", "{17F3BCD0-B4B4-49AB-9DFB-CEB2181427FE}"
EndProject
Project("{FAE04EC0-301F-11D3-BF4B-00C04F79EFBC}") = "BBSApi.Tests", "BBSApi.Tests\BBSApi.Tests.csproj", "{49CA5CE6-E2A2-49D5-9E61-5F1E4049F4DC}"
EndProject
Project("{FAE04EC0-301F-11D3-BF4B-00C04F79EFBC}") = "BBS.RedisExtenders", "..\BBS.RedisExtenders\BBS.RedisExtenders\BBS.RedisExtenders.csproj", "{424E9926-2196-4420-BA74-03F0AC7E9583}"
EndProject
Global
	GlobalSection(SolutionConfigurationPlatforms) = preSolution
		Debug|Any CPU = Debug|Any CPU
		Release|Any CPU = Release|Any CPU
	EndGlobalSection
	GlobalSection(ProjectConfigurationPlatforms) = postSolution
		{8C570C78-501A-424C-A2AC-B41C10DEE8FF}.Debug|Any CPU.ActiveCfg = Debug|Any CPU
		{8C570C78-501A-424C-A2AC-B41C10DEE8FF}.Debug|Any CPU.Build.0 = Debug|Any CPU
		{8C570C78-501A-424C-A2AC-B41C10DEE8FF}.Release|Any CPU.ActiveCfg = Release|Any CPU
		{8C570C78-501A-424C-A2AC-B41C10DEE8FF}.Release|Any CPU.Build.0 = Release|Any CPU
		{5C1695A5-06C8-4FD0-8182-92F014F78130}.Debug|Any CPU.ActiveCfg = Debug|Any CPU
		{5C1695A5-06C8-4FD0-8182-92F014F78130}.Debug|Any CPU.Build.0 = Debug|Any CPU
		{5C1695A5-06C8-4FD0-8182-92F014F78130}.Release|Any CPU.ActiveCfg = Release|Any CPU
		{5C1695A5-06C8-4FD0-8182-92F014F78130}.Release|Any CPU.Build.0 = Release|Any CPU
		{14DAAABC-A91A-465B-A71B-9011C0C1F3E4}.Debug|Any CPU.ActiveCfg = Debug|Any CPU
		{14DAAABC-A91A-465B-A71B-9011C0C1F3E4}.Debug|Any CPU.Build.0 = Debug|Any CPU
		{14DAAABC-A91A-465B-A71B-9011C0C1F3E4}.Release|Any CPU.ActiveCfg = Release|Any CPU
		{14DAAABC-A91A-465B-A71B-9011C0C1F3E4}.Release|Any CPU.Build.0 = Release|Any CPU
		{933DE01A-8453-4BEB-ADE7-F7F878C70DF9}.Debug|Any CPU.ActiveCfg = Debug|Any CPU
		{933DE01A-8453-4BEB-ADE7-F7F878C70DF9}.Debug|Any CPU.Build.0 = Debug|Any CPU
		{933DE01A-8453-4BEB-ADE7-F7F878C70DF9}.Release|Any CPU.ActiveCfg = Release|Any CPU
		{933DE01A-8453-4BEB-ADE7-F7F878C70DF9}.Release|Any CPU.Build.0 = Release|Any CPU
		{157C97C3-9028-4492-A713-F48731651206}.Debug|Any CPU.ActiveCfg = Debug|Any CPU
		{157C97C3-9028-4492-A713-F48731651206}.Debug|Any CPU.Build.0 = Debug|Any CPU
		{157C97C3-9028-4492-A713-F48731651206}.Release|Any CPU.ActiveCfg = Release|Any CPU
		{157C97C3-9028-4492-A713-F48731651206}.Release|Any CPU.Build.0 = Release|Any CPU
		{0D28813F-9609-41EB-83B4-3B76E9C30D88}.Debug|Any CPU.ActiveCfg = Debug|Any CPU
		{0D28813F-9609-41EB-83B4-3B76E9C30D88}.Debug|Any CPU.Build.0 = Debug|Any CPU
		{0D28813F-9609-41EB-83B4-3B76E9C30D88}.Release|Any CPU.ActiveCfg = Release|Any CPU
		{0D28813F-9609-41EB-83B4-3B76E9C30D88}.Release|Any CPU.Build.0 = Release|Any CPU
		{17F3BCD0-B4B4-49AB-9DFB-CEB2181427FE}.Debug|Any CPU.ActiveCfg = Debug|Any CPU
		{17F3BCD0-B4B4-49AB-9DFB-CEB2181427FE}.Debug|Any CPU.Build.0 = Debug|Any CPU
		{17F3BCD0-B4B4-49AB-9DFB-CEB2181427FE}.Release|Any CPU.ActiveCfg = Release|Any CPU
		{17F3BCD0-B4B4-49AB-9DFB-CEB2181427FE}.Release|Any CPU.Build.0 = Release|Any CPU
		{49CA5CE6-E2A2-49D5-9E61-5F1E4049F4DC}.Debug|Any CPU.ActiveCfg = Debug|Any CPU
		{49CA5CE6-E2A2-49D5-9E61-5F1E4049F4DC}.Debug|Any CPU.Build.0 = Debug|Any CPU
		{49CA5CE6-E2A2-49D5-9E61-5F1E4049F4DC}.Release|Any CPU.ActiveCfg = Release|Any CPU
		{49CA5CE6-E2A2-49D5-9E61-5F1E4049F4DC}.Release|Any CPU.Build.0 = Release|Any CPU
		{424E9926-2196-4420-BA74-03F0AC7E9583}.Debug|Any CPU.ActiveCfg = Debug|Any CPU
		{424E9926-2196-4420-BA74-03F0AC7E9583}.Debug|Any CPU.Build.0 = Debug|Any CPU
		{424E9926-2196-4420-BA74-03F0AC7E9583}.Release|Any CPU.ActiveCfg = Release|Any CPU
		{424E9926-2196-4420-BA74-03F0AC7E9583}.Release|Any CPU.Build.0 = Release|Any CPU
	EndGlobalSection
	GlobalSection(SolutionProperties) = preSolution
		HideSolutionNode = FALSE
	EndGlobalSection
EndGlobal
